// !$*UTF8*$!
{
	archiveVersion = 1;
	classes = {
	};
	objectVersion = 56;
	objects = {

/* Begin PBXBuildFile section */
		282FE5352922D099003BAB01 /* LandmarkApp.swift in Sources */ = {isa = PBXBuildFile; fileRef = 282FE5342922D099003BAB01 /* LandmarkApp.swift */; };
		282FE53C2922D09A003BAB01 /* Preview Assets.xcassets in Resources */ = {isa = PBXBuildFile; fileRef = 282FE53B2922D09A003BAB01 /* Preview Assets.xcassets */; };
		2888D0D1292413C900DC1FFE /* landmarkData.json in Resources */ = {isa = PBXBuildFile; fileRef = 2888D0D0292413C900DC1FFE /* landmarkData.json */; };
		2888D0D529241A7000DC1FFE /* Landmark.swift in Sources */ = {isa = PBXBuildFile; fileRef = 2888D0D429241A7000DC1FFE /* Landmark.swift */; };
		2888D0ED29241B0200DC1FFE /* Media.xcassets in Resources */ = {isa = PBXBuildFile; fileRef = 2888D0EC29241B0200DC1FFE /* Media.xcassets */; };
		2888D0EF29241BBB00DC1FFE /* ModelData.swift in Sources */ = {isa = PBXBuildFile; fileRef = 2888D0EE29241BBB00DC1FFE /* ModelData.swift */; };
		2888D0F52924246600DC1FFE /* LandmarkRow.swift in Sources */ = {isa = PBXBuildFile; fileRef = 2888D0F42924246600DC1FFE /* LandmarkRow.swift */; };
		2888D0F72924283400DC1FFE /* LandmarkList.swift in Sources */ = {isa = PBXBuildFile; fileRef = 2888D0F62924283400DC1FFE /* LandmarkList.swift */; };
		2888D0F929242A8800DC1FFE /* LandmarkDetail.swift in Sources */ = {isa = PBXBuildFile; fileRef = 2888D0F829242A8800DC1FFE /* LandmarkDetail.swift */; };
		2888D0FB29242ADD00DC1FFE /* LandmarkPage.swift in Sources */ = {isa = PBXBuildFile; fileRef = 2888D0FA29242ADD00DC1FFE /* LandmarkPage.swift */; };
		2888D0FD29242CB100DC1FFE /* CirleImage.swift in Sources */ = {isa = PBXBuildFile; fileRef = 2888D0FC29242CB100DC1FFE /* CirleImage.swift */; };
		2888D0FF29242D2500DC1FFE /* HeadingMapView.swift in Sources */ = {isa = PBXBuildFile; fileRef = 2888D0FE29242D2500DC1FFE /* HeadingMapView.swift */; };
/* End PBXBuildFile section */

/* Begin PBXFileReference section */
		282FE5312922D099003BAB01 /* Landmark.app */ = {isa = PBXFileReference; explicitFileType = wrapper.application; includeInIndex = 0; path = Landmark.app; sourceTree = BUILT_PRODUCTS_DIR; };
		282FE5342922D099003BAB01 /* LandmarkApp.swift */ = {isa = PBXFileReference; lastKnownFileType = sourcecode.swift; path = LandmarkApp.swift; sourceTree = "<group>"; };
		282FE53B2922D09A003BAB01 /* Preview Assets.xcassets */ = {isa = PBXFileReference; lastKnownFileType = folder.assetcatalog; path = "Preview Assets.xcassets"; sourceTree = "<group>"; };
		2888D0D0292413C900DC1FFE /* landmarkData.json */ = {isa = PBXFileReference; fileEncoding = 4; lastKnownFileType = text.json; path = landmarkData.json; sourceTree = "<group>"; };
		2888D0D429241A7000DC1FFE /* Landmark.swift */ = {isa = PBXFileReference; lastKnownFileType = sourcecode.swift; path = Landmark.swift; sourceTree = "<group>"; };
		2888D0EC29241B0200DC1FFE /* Media.xcassets */ = {isa = PBXFileReference; lastKnownFileType = folder.assetcatalog; path = Media.xcassets; sourceTree = "<group>"; };
		2888D0EE29241BBB00DC1FFE /* ModelData.swift */ = {isa = PBXFileReference; lastKnownFileType = sourcecode.swift; path = ModelData.swift; sourceTree = "<group>"; };
		2888D0F42924246600DC1FFE /* LandmarkRow.swift */ = {isa = PBXFileReference; lastKnownFileType = sourcecode.swift; path = LandmarkRow.swift; sourceTree = "<group>"; };
		2888D0F62924283400DC1FFE /* LandmarkList.swift */ = {isa = PBXFileReference; lastKnownFileType = sourcecode.swift; path = LandmarkList.swift; sourceTree = "<group>"; };
		2888D0F829242A8800DC1FFE /* LandmarkDetail.swift */ = {isa = PBXFileReference; lastKnownFileType = sourcecode.swift; path = LandmarkDetail.swift; sourceTree = "<group>"; };
		2888D0FA29242ADD00DC1FFE /* LandmarkPage.swift */ = {isa = PBXFileReference; lastKnownFileType = sourcecode.swift; path = LandmarkPage.swift; sourceTree = "<group>"; };
		2888D0FC29242CB100DC1FFE /* CirleImage.swift */ = {isa = PBXFileReference; lastKnownFileType = sourcecode.swift; path = CirleImage.swift; sourceTree = "<group>"; };
		2888D0FE29242D2500DC1FFE /* HeadingMapView.swift */ = {isa = PBXFileReference; lastKnownFileType = sourcecode.swift; path = HeadingMapView.swift; sourceTree = "<group>"; };
/* End PBXFileReference section */

/* Begin PBXFrameworksBuildPhase section */
		282FE52E2922D099003BAB01 /* Frameworks */ = {
			isa = PBXFrameworksBuildPhase;
			buildActionMask = 2147483647;
			files = (
			);
			runOnlyForDeploymentPostprocessing = 0;
		};
/* End PBXFrameworksBuildPhase section */

/* Begin PBXGroup section */
		282FE5282922D099003BAB01 = {
			isa = PBXGroup;
			children = (
				282FE5332922D099003BAB01 /* Landmark */,
				282FE5322922D099003BAB01 /* Products */,
			);
			sourceTree = "<group>";
		};
		282FE5322922D099003BAB01 /* Products */ = {
			isa = PBXGroup;
			children = (
				282FE5312922D099003BAB01 /* Landmark.app */,
			);
			name = Products;
			sourceTree = "<group>";
		};
		282FE5332922D099003BAB01 /* Landmark */ = {
			isa = PBXGroup;
			children = (
				2888D0D329241A2900DC1FFE /* Landmarks */,
				282FE5342922D099003BAB01 /* LandmarkApp.swift */,
				282FE53A2922D09A003BAB01 /* Preview Content */,
			);
			path = Landmark;
			sourceTree = "<group>";
		};
		282FE53A2922D09A003BAB01 /* Preview Content */ = {
			isa = PBXGroup;
			children = (
				282FE53B2922D09A003BAB01 /* Preview Assets.xcassets */,
			);
			path = "Preview Content";
			sourceTree = "<group>";
		};
		2888D0D329241A2900DC1FFE /* Landmarks */ = {
			isa = PBXGroup;
			children = (
				2888D0F32924245300DC1FFE /* View */,
				2888D0F22924241600DC1FFE /* Model */,
				2888D0F12924240A00DC1FFE /* Resources */,
			);
			path = Landmarks;
			sourceTree = "<group>";
		};
		2888D0F12924240A00DC1FFE /* Resources */ = {
			isa = PBXGroup;
			children = (
				2888D0EC29241B0200DC1FFE /* Media.xcassets */,
				2888D0D0292413C900DC1FFE /* landmarkData.json */,
			);
			path = Resources;
			sourceTree = "<group>";
		};
		2888D0F22924241600DC1FFE /* Model */ = {
			isa = PBXGroup;
			children = (
				2888D0D429241A7000DC1FFE /* Landmark.swift */,
				2888D0EE29241BBB00DC1FFE /* ModelData.swift */,
			);
			path = Model;
			sourceTree = "<group>";
		};
		2888D0F32924245300DC1FFE /* View */ = {
			isa = PBXGroup;
			children = (
				2888D0F42924246600DC1FFE /* LandmarkRow.swift */,
				2888D0F62924283400DC1FFE /* LandmarkList.swift */,
				2888D0F829242A8800DC1FFE /* LandmarkDetail.swift */,
				2888D0FA29242ADD00DC1FFE /* LandmarkPage.swift */,
				2888D0FC29242CB100DC1FFE /* CirleImage.swift */,
				2888D0FE29242D2500DC1FFE /* HeadingMapView.swift */,
			);
			path = View;
			sourceTree = "<group>";
		};
/* End PBXGroup section */

/* Begin PBXNativeTarget section */
		282FE5302922D099003BAB01 /* Landmark */ = {
			isa = PBXNativeTarget;
			buildConfigurationList = 282FE5552922D09B003BAB01 /* Build configuration list for PBXNativeTarget "Landmark" */;
			buildPhases = (
				282FE52D2922D099003BAB01 /* Sources */,
				282FE52E2922D099003BAB01 /* Frameworks */,
				282FE52F2922D099003BAB01 /* Resources */,
			);
			buildRules = (
			);
			dependencies = (
			);
			name = Landmark;
			productName = Landmark;
			productReference = 282FE5312922D099003BAB01 /* Landmark.app */;
			productType = "com.apple.product-type.application";
		};
/* End PBXNativeTarget section */

/* Begin PBXProject section */
		282FE5292922D099003BAB01 /* Project object */ = {
			isa = PBXProject;
			attributes = {
				BuildIndependentTargetsInParallel = 1;
				LastSwiftUpdateCheck = 1410;
				LastUpgradeCheck = 1410;
				TargetAttributes = {
					282FE5302922D099003BAB01 = {
						CreatedOnToolsVersion = 14.1;
					};
				};
			};
			buildConfigurationList = 282FE52C2922D099003BAB01 /* Build configuration list for PBXProject "Landmark" */;
			compatibilityVersion = "Xcode 14.0";
			developmentRegion = en;
			hasScannedForEncodings = 0;
			knownRegions = (
				en,
				Base,
			);
			mainGroup = 282FE5282922D099003BAB01;
			productRefGroup = 282FE5322922D099003BAB01 /* Products */;
			projectDirPath = "";
			projectRoot = "";
			targets = (
				282FE5302922D099003BAB01 /* Landmark */,
			);
		};
/* End PBXProject section */

/* Begin PBXResourcesBuildPhase section */
		282FE52F2922D099003BAB01 /* Resources */ = {
			isa = PBXResourcesBuildPhase;
			buildActionMask = 2147483647;
			files = (
				282FE53C2922D09A003BAB01 /* Preview Assets.xcassets in Resources */,
				2888D0ED29241B0200DC1FFE /* Media.xcassets in Resources */,
				2888D0D1292413C900DC1FFE /* landmarkData.json in Resources */,
			);
			runOnlyForDeploymentPostprocessing = 0;
		};
/* End PBXResourcesBuildPhase section */

/* Begin PBXSourcesBuildPhase section */
		282FE52D2922D099003BAB01 /* Sources */ = {
			isa = PBXSourcesBuildPhase;
			buildActionMask = 2147483647;
			files = (
				2888D0FF29242D2500DC1FFE /* HeadingMapView.swift in Sources */,
				2888D0F72924283400DC1FFE /* LandmarkList.swift in Sources */,
				2888D0F929242A8800DC1FFE /* LandmarkDetail.swift in Sources */,
				282FE5352922D099003BAB01 /* LandmarkApp.swift in Sources */,
				2888D0FB29242ADD00DC1FFE /* LandmarkPage.swift in Sources */,
				2888D0D529241A7000DC1FFE /* Landmark.swift in Sources */,
				2888D0F52924246600DC1FFE /* LandmarkRow.swift in Sources */,
				2888D0EF29241BBB00DC1FFE /* ModelData.swift in Sources */,
				2888D0FD29242CB100DC1FFE /* CirleImage.swift in Sources */,
			);
			runOnlyForDeploymentPostprocessing = 0;
		};
/* End PBXSourcesBuildPhase section */

/* Begin XCBuildConfiguration section */
		282FE5532922D09B003BAB01 /* Debug */ = {
			isa = XCBuildConfiguration;
			buildSettings = {
				ALWAYS_SEARCH_USER_PATHS = NO;
				CLANG_ANALYZER_NONNULL = YES;
				CLANG_ANALYZER_NUMBER_OBJECT_CONVERSION = YES_AGGRESSIVE;
				CLANG_CXX_LANGUAGE_STANDARD = "gnu++20";
				CLANG_ENABLE_MODULES = YES;
				CLANG_ENABLE_OBJC_ARC = YES;
				CLANG_ENABLE_OBJC_WEAK = YES;
				CLANG_WARN_BLOCK_CAPTURE_AUTORELEASING = YES;
				CLANG_WARN_BOOL_CONVERSION = YES;
				CLANG_WARN_COMMA = YES;
				CLANG_WARN_CONSTANT_CONVERSION = YES;
				CLANG_WARN_DEPRECATED_OBJC_IMPLEMENTATIONS = YES;
				CLANG_WARN_DIRECT_OBJC_ISA_USAGE = YES_ERROR;
				CLANG_WARN_DOCUMENTATION_COMMENTS = YES;
				CLANG_WARN_EMPTY_BODY = YES;
				CLANG_WARN_ENUM_CONVERSION = YES;
				CLANG_WARN_INFINITE_RECURSION = YES;
				CLANG_WARN_INT_CONVERSION = YES;
				CLANG_WARN_NON_LITERAL_NULL_CONVERSION = YES;
				CLANG_WARN_OBJC_IMPLICIT_RETAIN_SELF = YES;
				CLANG_WARN_OBJC_LITERAL_CONVERSION = YES;
				CLANG_WARN_OBJC_ROOT_CLASS = YES_ERROR;
				CLANG_WARN_QUOTED_INCLUDE_IN_FRAMEWORK_HEADER = YES;
				CLANG_WARN_RANGE_LOOP_ANALYSIS = YES;
				CLANG_WARN_STRICT_PROTOTYPES = YES;
				CLANG_WARN_SUSPICIOUS_MOVE = YES;
				CLANG_WARN_UNGUARDED_AVAILABILITY = YES_AGGRESSIVE;
				CLANG_WARN_UNREACHABLE_CODE = YES;
				CLANG_WARN__DUPLICATE_METHOD_MATCH = YES;
				COPY_PHASE_STRIP = NO;
				DEBUG_INFORMATION_FORMAT = dwarf;
				ENABLE_STRICT_OBJC_MSGSEND = YES;
				ENABLE_TESTABILITY = YES;
				GCC_C_LANGUAGE_STANDARD = gnu11;
				GCC_DYNAMIC_NO_PIC = NO;
				GCC_NO_COMMON_BLOCKS = YES;
				GCC_OPTIMIZATION_LEVEL = 0;
				GCC_PREPROCESSOR_DEFINITIONS = (
					"DEBUG=1",
					"$(inherited)",
				);
				GCC_WARN_64_TO_32_BIT_CONVERSION = YES;
				GCC_WARN_ABOUT_RETURN_TYPE = YES_ERROR;
				GCC_WARN_UNDECLARED_SELECTOR = YES;
				GCC_WARN_UNINITIALIZED_AUTOS = YES_AGGRESSIVE;
				GCC_WARN_UNUSED_FUNCTION = YES;
				GCC_WARN_UNUSED_VARIABLE = YES;
				IPHONEOS_DEPLOYMENT_TARGET = 16.1;
				MTL_ENABLE_DEBUG_INFO = INCLUDE_SOURCE;
				MTL_FAST_MATH = YES;
				ONLY_ACTIVE_ARCH = YES;
				SDKROOT = iphoneos;
				SWIFT_ACTIVE_COMPILATION_CONDITIONS = DEBUG;
				SWIFT_OPTIMIZATION_LEVEL = "-Onone";
			};
			name = Debug;
		};
		282FE5542922D09B003BAB01 /* Release */ = {
			isa = XCBuildConfiguration;
			buildSettings = {
				ALWAYS_SEARCH_USER_PATHS = NO;
				CLANG_ANALYZER_NONNULL = YES;
				CLANG_ANALYZER_NUMBER_OBJECT_CONVERSION = YES_AGGRESSIVE;
				CLANG_CXX_LANGUAGE_STANDARD = "gnu++20";
				CLANG_ENABLE_MODULES = YES;
				CLANG_ENABLE_OBJC_ARC = YES;
				CLANG_ENABLE_OBJC_WEAK = YES;
				CLANG_WARN_BLOCK_CAPTURE_AUTORELEASING = YES;
				CLANG_WARN_BOOL_CONVERSION = YES;
				CLANG_WARN_COMMA = YES;
				CLANG_WARN_CONSTANT_CONVERSION = YES;
				CLANG_WARN_DEPRECATED_OBJC_IMPLEMENTATIONS = YES;
				CLANG_WARN_DIRECT_OBJC_ISA_USAGE = YES_ERROR;
				CLANG_WARN_DOCUMENTATION_COMMENTS = YES;
				CLANG_WARN_EMPTY_BODY = YES;
				CLANG_WARN_ENUM_CONVERSION = YES;
				CLANG_WARN_INFINITE_RECURSION = YES;
				CLANG_WARN_INT_CONVERSION = YES;
				CLANG_WARN_NON_LITERAL_NULL_CONVERSION = YES;
				CLANG_WARN_OBJC_IMPLICIT_RETAIN_SELF = YES;
				CLANG_WARN_OBJC_LITERAL_CONVERSION = YES;
				CLANG_WARN_OBJC_ROOT_CLASS = YES_ERROR;
				CLANG_WARN_QUOTED_INCLUDE_IN_FRAMEWORK_HEADER = YES;
				CLANG_WARN_RANGE_LOOP_ANALYSIS = YES;
				CLANG_WARN_STRICT_PROTOTYPES = YES;
				CLANG_WARN_SUSPICIOUS_MOVE = YES;
				CLANG_WARN_UNGUARDED_AVAILABILITY = YES_AGGRESSIVE;
				CLANG_WARN_UNREACHABLE_CODE = YES;
				CLANG_WARN__DUPLICATE_METHOD_MATCH = YES;
				COPY_PHASE_STRIP = NO;
				DEBUG_INFORMATION_FORMAT = "dwarf-with-dsym";
				ENABLE_NS_ASSERTIONS = NO;
				ENABLE_STRICT_OBJC_MSGSEND = YES;
				GCC_C_LANGUAGE_STANDARD = gnu11;
				GCC_NO_COMMON_BLOCKS = YES;
				GCC_WARN_64_TO_32_BIT_CONVERSION = YES;
				GCC_WARN_ABOUT_RETURN_TYPE = YES_ERROR;
				GCC_WARN_UNDECLARED_SELECTOR = YES;
				GCC_WARN_UNINITIALIZED_AUTOS = YES_AGGRESSIVE;
				GCC_WARN_UNUSED_FUNCTION = YES;
				GCC_WARN_UNUSED_VARIABLE = YES;
				IPHONEOS_DEPLOYMENT_TARGET = 16.1;
				MTL_ENABLE_DEBUG_INFO = NO;
				MTL_FAST_MATH = YES;
				SDKROOT = iphoneos;
				SWIFT_COMPILATION_MODE = wholemodule;
				SWIFT_OPTIMIZATION_LEVEL = "-O";
				VALIDATE_PRODUCT = YES;
			};
			name = Release;
		};
		282FE5562922D09B003BAB01 /* Debug */ = {
			isa = XCBuildConfiguration;
			buildSettings = {
				ASSETCATALOG_COMPILER_APPICON_NAME = AppIcon;
				ASSETCATALOG_COMPILER_GLOBAL_ACCENT_COLOR_NAME = AccentColor;
				CODE_SIGN_STYLE = Automatic;
				CURRENT_PROJECT_VERSION = 1;
				DEVELOPMENT_ASSET_PATHS = "\"Landmark/Preview Content\"";
				DEVELOPMENT_TEAM = V9Y3BMACPC;
				ENABLE_PREVIEWS = YES;
				GENERATE_INFOPLIST_FILE = YES;
				INFOPLIST_KEY_UIApplicationSceneManifest_Generation = YES;
				INFOPLIST_KEY_UIApplicationSupportsIndirectInputEvents = YES;
				INFOPLIST_KEY_UILaunchScreen_Generation = YES;
				INFOPLIST_KEY_UISupportedInterfaceOrientations_iPad = "UIInterfaceOrientationPortrait UIInterfaceOrientationPortraitUpsideDown UIInterfaceOrientationLandscapeLeft UIInterfaceOrientationLandscapeRight";
				INFOPLIST_KEY_UISupportedInterfaceOrientations_iPhone = "UIInterfaceOrientationPortrait UIInterfaceOrientationLandscapeLeft UIInterfaceOrientationLandscapeRight";
				LD_RUNPATH_SEARCH_PATHS = (
					"$(inherited)",
					"@executable_path/Frameworks",
				);
				MARKETING_VERSION = 1.0;
				PRODUCT_BUNDLE_IDENTIFIER = com.posadskiy.Landmark;
				PRODUCT_NAME = "$(TARGET_NAME)";
				SWIFT_EMIT_LOC_STRINGS = YES;
				SWIFT_VERSION = 5.0;
				TARGETED_DEVICE_FAMILY = "1,2";
			};
			name = Debug;
		};
		282FE5572922D09B003BAB01 /* Release */ = {
			isa = XCBuildConfiguration;
			buildSettings = {
				ASSETCATALOG_COMPILER_APPICON_NAME = AppIcon;
				ASSETCATALOG_COMPILER_GLOBAL_ACCENT_COLOR_NAME = AccentColor;
				CODE_SIGN_STYLE = Automatic;
				CURRENT_PROJECT_VERSION = 1;
				DEVELOPMENT_ASSET_PATHS = "\"Landmark/Preview Content\"";
				DEVELOPMENT_TEAM = V9Y3BMACPC;
				ENABLE_PREVIEWS = YES;
				GENERATE_INFOPLIST_FILE = YES;
				INFOPLIST_KEY_UIApplicationSceneManifest_Generation = YES;
				INFOPLIST_KEY_UIApplicationSupportsIndirectInputEvents = YES;
				INFOPLIST_KEY_UILaunchScreen_Generation = YES;
				INFOPLIST_KEY_UISupportedInterfaceOrientations_iPad = "UIInterfaceOrientationPortrait UIInterfaceOrientationPortraitUpsideDown UIInterfaceOrientationLandscapeLeft UIInterfaceOrientationLandscapeRight";
				INFOPLIST_KEY_UISupportedInterfaceOrientations_iPhone = "UIInterfaceOrientationPortrait UIInterfaceOrientationLandscapeLeft UIInterfaceOrientationLandscapeRight";
				LD_RUNPATH_SEARCH_PATHS = (
					"$(inherited)",
					"@executable_path/Frameworks",
				);
				MARKETING_VERSION = 1.0;
				PRODUCT_BUNDLE_IDENTIFIER = com.posadskiy.Landmark;
				PRODUCT_NAME = "$(TARGET_NAME)";
				SWIFT_EMIT_LOC_STRINGS = YES;
				SWIFT_VERSION = 5.0;
				TARGETED_DEVICE_FAMILY = "1,2";
			};
			name = Release;
		};
/* End XCBuildConfiguration section */

/* Begin XCConfigurationList section */
		282FE52C2922D099003BAB01 /* Build configuration list for PBXProject "Landmark" */ = {
			isa = XCConfigurationList;
			buildConfigurations = (
				282FE5532922D09B003BAB01 /* Debug */,
				282FE5542922D09B003BAB01 /* Release */,
			);
			defaultConfigurationIsVisible = 0;
			defaultConfigurationName = Release;
		};
		282FE5552922D09B003BAB01 /* Build configuration list for PBXNativeTarget "Landmark" */ = {
			isa = XCConfigurationList;
			buildConfigurations = (
				282FE5562922D09B003BAB01 /* Debug */,
				282FE5572922D09B003BAB01 /* Release */,
			);
			defaultConfigurationIsVisible = 0;
			defaultConfigurationName = Release;
		};
/* End XCConfigurationList section */
	};
	rootObject = 282FE5292922D099003BAB01 /* Project object */;
}
